
Microsoft Visual Studio Solution File, Format Version 12.00
# Visual Studio Version 17
VisualStudioVersion = 17.3.32825.248
MinimumVisualStudioVersion = 10.0.40219.1
Project("{9A19103F-16F7-4668-BE54-9A1E7A4F7556}") = "CapitalReplacementJob", "CapitalReplacementJob\CapitalReplacementJob.csproj", "{68CB23E6-C442-4326-928F-2182B9B6B62C}"
EndProject
Global
	GlobalSection(SolutionConfigurationPlatforms) = preSolution
		Debug|Any CPU = Debug|Any CPU
		Release|Any CPU = Release|Any CPU
	EndGlobalSection
	GlobalSection(ProjectConfigurationPlatforms) = postSolution
		{68CB23E6-C442-4326-928F-2182B9B6B62C}.Debug|Any CPU.ActiveCfg = Debug|Any CPU
		{68CB23E6-C442-4326-928F-2182B9B6B62C}.Debug|Any CPU.Build.0 = Debug|Any CPU
		{68CB23E6-C442-4326-928F-2182B9B6B62C}.Release|Any CPU.ActiveCfg = Release|Any CPU
		{68CB23E6-C442-4326-928F-2182B9B6B62C}.Release|Any CPU.Build.0 = Release|Any CPU
	EndGlobalSection
	GlobalSection(SolutionProperties) = preSolution
		HideSolutionNode = FALSE
	EndGlobalSection
	GlobalSection(ExtensibilityGlobals) = postSolution
		SolutionGuid = {94E8BCAB-A6B9-4C17-B46C-456333C9EC6A}
	EndGlobalSection
EndGlobal
